
Microsoft Visual Studio Solution File, Format Version 12.00
# Visual Studio Version 17
VisualStudioVersion = 17.9.34723.18
MinimumVisualStudioVersion = 10.0.40219.1
Project("{FAE04EC0-301F-11D3-BF4B-00C04F79EFBC}") = "EmployeeCounter", "EmployeeCounter.csproj", "{34747BC7-D968-4956-988A-E08B3F314FD6}"
EndProject
Global
	GlobalSection(SolutionConfigurationPlatforms) = preSolution
		Debug|Any CPU = Debug|Any CPU
		Debug|x64 = Debug|x64
		Release|Any CPU = Release|Any CPU
		Release|x64 = Release|x64
	EndGlobalSection
	GlobalSection(ProjectConfigurationPlatforms) = postSolution
		{34747BC7-D968-4956-988A-E08B3F314FD6}.Debug|Any CPU.ActiveCfg = Debug|Any CPU
		{34747BC7-D968-4956-988A-E08B3F314FD6}.Debug|Any CPU.Build.0 = Debug|Any CPU
		{34747BC7-D968-4956-988A-E08B3F314FD6}.Debug|x64.ActiveCfg = Debug|x64
		{34747BC7-D968-4956-988A-E08B3F314FD6}.Debug|x64.Build.0 = Debug|x64
		{34747BC7-D968-4956-988A-E08B3F314FD6}.Release|Any CPU.ActiveCfg = Release|Any CPU
		{34747BC7-D968-4956-988A-E08B3F314FD6}.Release|Any CPU.Build.0 = Release|Any CPU
		{34747BC7-D968-4956-988A-E08B3F314FD6}.Release|x64.ActiveCfg = Release|x64
		{34747BC7-D968-4956-988A-E08B3F314FD6}.Release|x64.Build.0 = Release|x64
	EndGlobalSection
	GlobalSection(SolutionProperties) = preSolution
		HideSolutionNode = FALSE
	EndGlobalSection
	GlobalSection(ExtensibilityGlobals) = postSolution
		SolutionGuid = {90E04F16-17E2-4C96-80FE-45E7910DC76D}
	EndGlobalSection
EndGlobal
